
Microsoft Visual Studio Solution File, Format Version 11.00
# Visual Studio 2010
Project("{F184B08F-C81C-45F6-A57F-5ABD9991F28F}") = "BillingApp", "BillingApp\BillingApp.vbproj", "{A38A40A5-58E6-48DA-BFCD-2785E319BC00}"
EndProject
Global
	GlobalSection(SolutionConfigurationPlatforms) = preSolution
		Debug|x86 = Debug|x86
		Release|x86 = Release|x86
	EndGlobalSection
	GlobalSection(ProjectConfigurationPlatforms) = postSolution
		{A38A40A5-58E6-48DA-BFCD-2785E319BC00}.Debug|x86.ActiveCfg = Debug|x86
		{A38A40A5-58E6-48DA-BFCD-2785E319BC00}.Debug|x86.Build.0 = Debug|x86
		{A38A40A5-58E6-48DA-BFCD-2785E319BC00}.Release|x86.ActiveCfg = Release|x86
		{A38A40A5-58E6-48DA-BFCD-2785E319BC00}.Release|x86.Build.0 = Release|x86
	EndGlobalSection
	GlobalSection(SolutionProperties) = preSolution
		HideSolutionNode = FALSE
	EndGlobalSection
EndGlobal
